{
  "name": "choohandbookanimalswebpractice",
  "version": "1.0.0",
  "lockfileVersion": 1,
  "requires": true,
  "dependencies": {
    "bel": {
      "version": "5.1.7",
      "resolved": "https://registry.npmjs.org/bel/-/bel-5.1.7.tgz",
      "integrity": "sha512-f3aAzoq2ilK3ErDsv47uo2qK9NTKHkguI7j6sJi6ynKS9vPG180QGU8BzHas6xPnIsKj+m7YXlDSm9BmaZHNrg==",
      "requires": {
        "hyperx": "2.4.0",
        "is-electron": "2.1.0",
        "pelo": "0.1.0"
      }
    },
    "choo": {
      "version": "6.10.3",
      "resolved": "https://registry.npmjs.org/choo/-/choo-6.10.3.tgz",
      "integrity": "sha512-v8FTCmEslL3x0KJQ8ONHq0j8JPGvGfkTyA33ixR227YQ9zMu32o+XMOQcbuKdFDqFBMhq/Zb5Oyb385HytHMjQ==",
      "requires": {
        "bel": "5.1.7",
        "document-ready": "2.0.1",
        "nanobus": "4.3.3",
        "nanohref": "3.0.1",
        "nanolocation": "1.0.0",
        "nanomorph": "5.1.3",
        "nanoquery": "1.2.0",
        "nanoraf": "3.0.1",
        "nanorouter": "3.1.0",
        "nanotiming": "7.3.0",
        "scroll-to-anchor": "1.1.0",
        "xtend": "4.0.1"
      }
    },
    "document-ready": {
      "version": "2.0.1",
      "resolved": "https://registry.npmjs.org/document-ready/-/document-ready-2.0.1.tgz",
      "integrity": "sha1-PjvzHTI1uU4jLnssX6GmNOhzuuQ="
    },
    "hyperscript-attribute-to-property": {
      "version": "1.0.0",
      "resolved": "https://registry.npmjs.org/hyperscript-attribute-to-property/-/hyperscript-attribute-to-property-1.0.0.tgz",
      "integrity": "sha1-glMI1Ju44pV5I/cxmBvMgRytev8="
    },
    "hyperx": {
      "version": "2.4.0",
      "resolved": "https://registry.npmjs.org/hyperx/-/hyperx-2.4.0.tgz",
      "integrity": "sha512-43jbOQfVkm9U0oAyBZ4Vt2eB0hZWS5EyrOhR3ZbgUrcprutGu9s/C476OVFL3QU1iynKO5s9kZsWrZm19gJKjg==",
      "requires": {
        "hyperscript-attribute-to-property": "1.0.0"
      }
    },
    "is-electron": {
      "version": "2.1.0",
      "resolved": "https://registry.npmjs.org/is-electron/-/is-electron-2.1.0.tgz",
      "integrity": "sha512-dkg5xT383+M6zIbbXW/z7n2nz4SFUi2OSyhntnFYkRdtV+HVEfdjEK+5AWisfYgkpe3WYjTIuh7toaKmSfFVWw=="
    },
    "nanoassert": {
      "version": "1.1.0",
      "resolved": "https://registry.npmjs.org/nanoassert/-/nanoassert-1.1.0.tgz",
      "integrity": "sha1-TzFS4JVA/eKMdvRLGbvNHVpCR40="
    },
    "nanobus": {
      "version": "4.3.3",
      "resolved": "https://registry.npmjs.org/nanobus/-/nanobus-4.3.3.tgz",
      "integrity": "sha512-4/uzl+LkMGoVv/9eMzH2QFvefmlJErT0KR7EmuYbmht2QvxSEqTjhFFOZ/KHE6chH58fKL3njrOcEwbYV0h9Yw==",
      "requires": {
        "nanotiming": "7.3.0",
        "remove-array-items": "1.0.0"
      }
    },
    "nanohref": {
      "version": "3.0.1",
      "resolved": "https://registry.npmjs.org/nanohref/-/nanohref-3.0.1.tgz",
      "integrity": "sha512-YfDhNcglFDIISfKVnXHovDaaglTauD2ThidaTZuyV6NE0lQMvGs5UfSoa1GvX6Nd9p2TfFeYzzc+TtjH+htu+Q=="
    },
    "nanolocation": {
      "version": "1.0.0",
      "resolved": "https://registry.npmjs.org/nanolocation/-/nanolocation-1.0.0.tgz",
      "integrity": "sha1-FbXHrwWJXRqfIfDRNkldmURQaGs="
    },
    "nanomorph": {
      "version": "5.1.3",
      "resolved": "https://registry.npmjs.org/nanomorph/-/nanomorph-5.1.3.tgz",
      "integrity": "sha512-VydkKjFWU/DAO0R10awFASRNXQKHrZUMdMIiNcdmWm+IhuifuPOw/dDtpiQ1cNROF8f3ATPrcKRVarEayQJOqA==",
      "requires": {
        "nanoassert": "1.1.0"
      }
    },
    "nanoquery": {
      "version": "1.2.0",
      "resolved": "https://registry.npmjs.org/nanoquery/-/nanoquery-1.2.0.tgz",
      "integrity": "sha512-o4JC1cLsNSu8gLMLeALBFPzILMPyc3HltXT0727vncM29N1qB802oQyza3lQRjI9iylRRK0X5jjTjiPZyCw0gg==",
      "requires": {
        "nanoassert": "1.1.0"
      }
    },
    "nanoraf": {
      "version": "3.0.1",
      "resolved": "https://registry.npmjs.org/nanoraf/-/nanoraf-3.0.1.tgz",
      "integrity": "sha1-q5+5wle5rcxx2CmCy1jY+jUDdko="
    },
    "nanorouter": {
      "version": "3.1.0",
      "resolved": "https://registry.npmjs.org/nanorouter/-/nanorouter-3.1.0.tgz",
      "integrity": "sha512-4XceMeTLy9qJKQZvPcM8JsC7x4re8HyYXH4GCmBsCXtYPofrh2926DcX9PMcguz2EcMTUs4QLVGU/so+0OuFfQ==",
      "requires": {
        "wayfarer": "6.6.3"
      }
    },
    "nanoscheduler": {
      "version": "1.0.3",
      "resolved": "https://registry.npmjs.org/nanoscheduler/-/nanoscheduler-1.0.3.tgz",
      "integrity": "sha512-jBbrF3qdU9321r8n9X7yu18DjP31Do2ItJm3mWrt90wJTrnDO+HXpoV7ftaUglAtjgj9s+OaCxGufbvx6pvbEQ==",
      "requires": {
        "nanoassert": "1.1.0"
      }
    },
    "nanotiming": {
      "version": "7.3.0",
      "resolved": "https://registry.npmjs.org/nanotiming/-/nanotiming-7.3.0.tgz",
      "integrity": "sha512-lNJ8Ch+fI2yIt9tlgO3G/1Md00S23FghTFVYqKnXseIegcRgHg/fEm7Abw8Imakk0fpNGiK9eSSlopnsE61uMw==",
      "requires": {
        "nanoscheduler": "1.0.3"
      }
    },
    "pelo": {
      "version": "0.1.0",
      "resolved": "https://registry.npmjs.org/pelo/-/pelo-0.1.0.tgz",
      "integrity": "sha512-+oVixa69fxS/X+3s1DaSJVQLG/ukHfjK2pHCmpIgjRChp73lnAfbqOYZ0MEo5C5yVkYeUJSoWAcRK0lx0hvOjQ=="
    },
    "remove-array-items": {
      "version": "1.0.0",
      "resolved": "https://registry.npmjs.org/remove-array-items/-/remove-array-items-1.0.0.tgz",
      "integrity": "sha1-B79CyzMvTPboXq2DteToltIyayE="
    },
    "s": {
      "version": "0.1.1",
      "resolved": "https://registry.npmjs.org/s/-/s-0.1.1.tgz",
      "integrity": "sha1-bfd3XSqyF2/xMZE/Qn7dtDAvrAw="
    },
    "scroll-to-anchor": {
      "version": "1.1.0",
      "resolved": "https://registry.npmjs.org/scroll-to-anchor/-/scroll-to-anchor-1.1.0.tgz",
      "integrity": "sha1-yZuNLl2VBWdSeHyngJWrdbUgs/0="
    },
    "wayfarer": {
      "version": "6.6.3",
      "resolved": "https://registry.npmjs.org/wayfarer/-/wayfarer-6.6.3.tgz",
      "integrity": "sha512-DiScqFrKfETMeJ0OTmSv9Cncw/Yq3+pSs2+AlqLvgINpLlbnyts8dvFEdX3ggHdpt1nmQ7YE26mfpHXBowo0yQ==",
      "requires": {
        "xtend": "4.0.1"
      }
    },
    "xtend": {
      "version": "4.0.1",
      "resolved": "https://registry.npmjs.org/xtend/-/xtend-4.0.1.tgz",
      "integrity": "sha1-pcbVMr5lbiPbgg77lDofBJmNY68="
    }
  }
}
